// !$*UTF8*$!
{
	archiveVersion = 1;
	classes = {
	};
	objectVersion = 50;
	objects = {

/* Begin PBXBuildFile section */
		3416543D2550057400AD5FF5 /* VideoPlayerView.swift in Sources */ = {isa = PBXBuildFile; fileRef = 3416543C2550057400AD5FF5 /* VideoPlayerView.swift */; };
		341654412550072800AD5FF5 /* VideoPlayerHelper.swift in Sources */ = {isa = PBXBuildFile; fileRef = 341654402550072800AD5FF5 /* VideoPlayerHelper.swift */; };
		3490B30C254EBD060098479A /* InsetFactView.swift in Sources */ = {isa = PBXBuildFile; fileRef = 3490B30B254EBD060098479A /* InsetFactView.swift */; };
		3490B30F254EC0340098479A /* InsetMapView.swift in Sources */ = {isa = PBXBuildFile; fileRef = 3490B30E254EC0340098479A /* InsetMapView.swift */; };
		3490B312254EC6150098479A /* ExternalWebLinkView.swift in Sources */ = {isa = PBXBuildFile; fileRef = 3490B311254EC6150098479A /* ExternalWebLinkView.swift */; };
		3490B315254ECE130098479A /* VideoModel.swift in Sources */ = {isa = PBXBuildFile; fileRef = 3490B314254ECE130098479A /* VideoModel.swift */; };
		3490B31E254ED5500098479A /* VideoListItemView.swift in Sources */ = {isa = PBXBuildFile; fileRef = 3490B31D254ED5500098479A /* VideoListItemView.swift */; };
		34CA5DB5254D362B00204D32 /* CoverImageView.swift in Sources */ = {isa = PBXBuildFile; fileRef = 34CA5DB4254D362B00204D32 /* CoverImageView.swift */; };
		34CA5DBA254D384900204D32 /* CoverImageModel.swift in Sources */ = {isa = PBXBuildFile; fileRef = 34CA5DB9254D384900204D32 /* CoverImageModel.swift */; };
		34CA5DBF254D38FE00204D32 /* CodableBundleExtension.swift in Sources */ = {isa = PBXBuildFile; fileRef = 34CA5DBE254D38FE00204D32 /* CodableBundleExtension.swift */; };
		34CA5DC2254D3C7700204D32 /* AnimalListItemView.swift in Sources */ = {isa = PBXBuildFile; fileRef = 34CA5DC1254D3C7700204D32 /* AnimalListItemView.swift */; };
		34CA5DC5254D3E9900204D32 /* AnimalModel.swift in Sources */ = {isa = PBXBuildFile; fileRef = 34CA5DC4254D3E9900204D32 /* AnimalModel.swift */; };
		34CA5DCA254D44F400204D32 /* AnimalDetailView.swift in Sources */ = {isa = PBXBuildFile; fileRef = 34CA5DC9254D44F400204D32 /* AnimalDetailView.swift */; };
		34CA5DCD254D493300204D32 /* HeadingView.swift in Sources */ = {isa = PBXBuildFile; fileRef = 34CA5DCC254D493300204D32 /* HeadingView.swift */; };
		34CA5DD0254D4ACE00204D32 /* InsetGalleryView.swift in Sources */ = {isa = PBXBuildFile; fileRef = 34CA5DCF254D4ACE00204D32 /* InsetGalleryView.swift */; };
		34E88527254BEA3000D5E723 /* AfricaSafariApp.swift in Sources */ = {isa = PBXBuildFile; fileRef = 34E88526254BEA3000D5E723 /* AfricaSafariApp.swift */; };
		34E88529254BEA3000D5E723 /* ContentView.swift in Sources */ = {isa = PBXBuildFile; fileRef = 34E88528254BEA3000D5E723 /* ContentView.swift */; };
		34E8852B254BEA3100D5E723 /* Assets.xcassets in Resources */ = {isa = PBXBuildFile; fileRef = 34E8852A254BEA3100D5E723 /* Assets.xcassets */; };
		34E8852E254BEA3100D5E723 /* Preview Assets.xcassets in Resources */ = {isa = PBXBuildFile; fileRef = 34E8852D254BEA3100D5E723 /* Preview Assets.xcassets */; };
		34E88541254BECFC00D5E723 /* lioness.mp4 in Resources */ = {isa = PBXBuildFile; fileRef = 34E88537254BECF900D5E723 /* lioness.mp4 */; };
		34E88542254BECFC00D5E723 /* cheetah.mp4 in Resources */ = {isa = PBXBuildFile; fileRef = 34E88538254BECF900D5E723 /* cheetah.mp4 */; };
		34E88543254BECFC00D5E723 /* rhino.mp4 in Resources */ = {isa = PBXBuildFile; fileRef = 34E88539254BECFA00D5E723 /* rhino.mp4 */; };
		34E88544254BECFC00D5E723 /* elephant.mp4 in Resources */ = {isa = PBXBuildFile; fileRef = 34E8853A254BECFA00D5E723 /* elephant.mp4 */; };
		34E88545254BECFC00D5E723 /* zebra.mp4 in Resources */ = {isa = PBXBuildFile; fileRef = 34E8853B254BECFA00D5E723 /* zebra.mp4 */; };
		34E88546254BECFC00D5E723 /* hippo.mp4 in Resources */ = {isa = PBXBuildFile; fileRef = 34E8853C254BECFB00D5E723 /* hippo.mp4 */; };
		34E88547254BECFC00D5E723 /* giraffe.mp4 in Resources */ = {isa = PBXBuildFile; fileRef = 34E8853D254BECFB00D5E723 /* giraffe.mp4 */; };
		34E88548254BECFC00D5E723 /* gorilla.mp4 in Resources */ = {isa = PBXBuildFile; fileRef = 34E8853E254BECFC00D5E723 /* gorilla.mp4 */; };
		34E88549254BECFC00D5E723 /* lion.mp4 in Resources */ = {isa = PBXBuildFile; fileRef = 34E8853F254BECFC00D5E723 /* lion.mp4 */; };
		34E8854A254BECFC00D5E723 /* ostrich.mp4 in Resources */ = {isa = PBXBuildFile; fileRef = 34E88540254BECFC00D5E723 /* ostrich.mp4 */; };
		34E88551254BED3B00D5E723 /* animals.json in Resources */ = {isa = PBXBuildFile; fileRef = 34E8854D254BED3B00D5E723 /* animals.json */; };
		34E88552254BED3B00D5E723 /* videos.json in Resources */ = {isa = PBXBuildFile; fileRef = 34E8854E254BED3B00D5E723 /* videos.json */; };
		34E88553254BED3B00D5E723 /* locations.json in Resources */ = {isa = PBXBuildFile; fileRef = 34E8854F254BED3B00D5E723 /* locations.json */; };
		34E88554254BED3B00D5E723 /* covers.json in Resources */ = {isa = PBXBuildFile; fileRef = 34E88550254BED3B00D5E723 /* covers.json */; };
		34E88559254BF11500D5E723 /* VideoListView.swift in Sources */ = {isa = PBXBuildFile; fileRef = 34E88558254BF11500D5E723 /* VideoListView.swift */; };
		34E8855C254BF12A00D5E723 /* MapView.swift in Sources */ = {isa = PBXBuildFile; fileRef = 34E8855B254BF12A00D5E723 /* MapView.swift */; };
		34E8855F254BF14000D5E723 /* GalleryView.swift in Sources */ = {isa = PBXBuildFile; fileRef = 34E8855E254BF14000D5E723 /* GalleryView.swift */; };
		34E88566254BF18100D5E723 /* MainView.swift in Sources */ = {isa = PBXBuildFile; fileRef = 34E88565254BF18100D5E723 /* MainView.swift */; };
/* End PBXBuildFile section */

/* Begin PBXFileReference section */
		3416543C2550057400AD5FF5 /* VideoPlayerView.swift */ = {isa = PBXFileReference; lastKnownFileType = sourcecode.swift; path = VideoPlayerView.swift; sourceTree = "<group>"; };
		341654402550072800AD5FF5 /* VideoPlayerHelper.swift */ = {isa = PBXFileReference; lastKnownFileType = sourcecode.swift; path = VideoPlayerHelper.swift; sourceTree = "<group>"; };
		3490B30B254EBD060098479A /* InsetFactView.swift */ = {isa = PBXFileReference; lastKnownFileType = sourcecode.swift; path = InsetFactView.swift; sourceTree = "<group>"; };
		3490B30E254EC0340098479A /* InsetMapView.swift */ = {isa = PBXFileReference; lastKnownFileType = sourcecode.swift; path = InsetMapView.swift; sourceTree = "<group>"; };
		3490B311254EC6150098479A /* ExternalWebLinkView.swift */ = {isa = PBXFileReference; lastKnownFileType = sourcecode.swift; path = ExternalWebLinkView.swift; sourceTree = "<group>"; };
		3490B314254ECE130098479A /* VideoModel.swift */ = {isa = PBXFileReference; lastKnownFileType = sourcecode.swift; path = VideoModel.swift; sourceTree = "<group>"; };
		3490B31D254ED5500098479A /* VideoListItemView.swift */ = {isa = PBXFileReference; lastKnownFileType = sourcecode.swift; path = VideoListItemView.swift; sourceTree = "<group>"; };
		34CA5DB4254D362B00204D32 /* CoverImageView.swift */ = {isa = PBXFileReference; lastKnownFileType = sourcecode.swift; path = CoverImageView.swift; sourceTree = "<group>"; };
		34CA5DB9254D384900204D32 /* CoverImageModel.swift */ = {isa = PBXFileReference; lastKnownFileType = sourcecode.swift; path = CoverImageModel.swift; sourceTree = "<group>"; };
		34CA5DBE254D38FE00204D32 /* CodableBundleExtension.swift */ = {isa = PBXFileReference; lastKnownFileType = sourcecode.swift; path = CodableBundleExtension.swift; sourceTree = "<group>"; };
		34CA5DC1254D3C7700204D32 /* AnimalListItemView.swift */ = {isa = PBXFileReference; lastKnownFileType = sourcecode.swift; path = AnimalListItemView.swift; sourceTree = "<group>"; };
		34CA5DC4254D3E9900204D32 /* AnimalModel.swift */ = {isa = PBXFileReference; lastKnownFileType = sourcecode.swift; path = AnimalModel.swift; sourceTree = "<group>"; };
		34CA5DC9254D44F400204D32 /* AnimalDetailView.swift */ = {isa = PBXFileReference; lastKnownFileType = sourcecode.swift; path = AnimalDetailView.swift; sourceTree = "<group>"; };
		34CA5DCC254D493300204D32 /* HeadingView.swift */ = {isa = PBXFileReference; lastKnownFileType = sourcecode.swift; path = HeadingView.swift; sourceTree = "<group>"; };
		34CA5DCF254D4ACE00204D32 /* InsetGalleryView.swift */ = {isa = PBXFileReference; lastKnownFileType = sourcecode.swift; path = InsetGalleryView.swift; sourceTree = "<group>"; };
		34E88523254BEA3000D5E723 /* AfricaSafari.app */ = {isa = PBXFileReference; explicitFileType = wrapper.application; includeInIndex = 0; path = AfricaSafari.app; sourceTree = BUILT_PRODUCTS_DIR; };
		34E88526254BEA3000D5E723 /* AfricaSafariApp.swift */ = {isa = PBXFileReference; lastKnownFileType = sourcecode.swift; path = AfricaSafariApp.swift; sourceTree = "<group>"; };
		34E88528254BEA3000D5E723 /* ContentView.swift */ = {isa = PBXFileReference; lastKnownFileType = sourcecode.swift; path = ContentView.swift; sourceTree = "<group>"; };
		34E8852A254BEA3100D5E723 /* Assets.xcassets */ = {isa = PBXFileReference; lastKnownFileType = folder.assetcatalog; path = Assets.xcassets; sourceTree = "<group>"; };
		34E8852D254BEA3100D5E723 /* Preview Assets.xcassets */ = {isa = PBXFileReference; lastKnownFileType = folder.assetcatalog; path = "Preview Assets.xcassets"; sourceTree = "<group>"; };
		34E8852F254BEA3100D5E723 /* Info.plist */ = {isa = PBXFileReference; lastKnownFileType = text.plist.xml; path = Info.plist; sourceTree = "<group>"; };
		34E88537254BECF900D5E723 /* lioness.mp4 */ = {isa = PBXFileReference; lastKnownFileType = file; path = lioness.mp4; sourceTree = "<group>"; };
		34E88538254BECF900D5E723 /* cheetah.mp4 */ = {isa = PBXFileReference; lastKnownFileType = file; path = cheetah.mp4; sourceTree = "<group>"; };
		34E88539254BECFA00D5E723 /* rhino.mp4 */ = {isa = PBXFileReference; lastKnownFileType = file; path = rhino.mp4; sourceTree = "<group>"; };
		34E8853A254BECFA00D5E723 /* elephant.mp4 */ = {isa = PBXFileReference; lastKnownFileType = file; path = elephant.mp4; sourceTree = "<group>"; };
		34E8853B254BECFA00D5E723 /* zebra.mp4 */ = {isa = PBXFileReference; lastKnownFileType = file; path = zebra.mp4; sourceTree = "<group>"; };
		34E8853C254BECFB00D5E723 /* hippo.mp4 */ = {isa = PBXFileReference; lastKnownFileType = file; path = hippo.mp4; sourceTree = "<group>"; };
		34E8853D254BECFB00D5E723 /* giraffe.mp4 */ = {isa = PBXFileReference; lastKnownFileType = file; path = giraffe.mp4; sourceTree = "<group>"; };
		34E8853E254BECFC00D5E723 /* gorilla.mp4 */ = {isa = PBXFileReference; lastKnownFileType = file; path = gorilla.mp4; sourceTree = "<group>"; };
		34E8853F254BECFC00D5E723 /* lion.mp4 */ = {isa = PBXFileReference; lastKnownFileType = file; path = lion.mp4; sourceTree = "<group>"; };
		34E88540254BECFC00D5E723 /* ostrich.mp4 */ = {isa = PBXFileReference; lastKnownFileType = file; path = ostrich.mp4; sourceTree = "<group>"; };
		34E8854D254BED3B00D5E723 /* animals.json */ = {isa = PBXFileReference; fileEncoding = 4; lastKnownFileType = text.json; path = animals.json; sourceTree = "<group>"; };
		34E8854E254BED3B00D5E723 /* videos.json */ = {isa = PBXFileReference; fileEncoding = 4; lastKnownFileType = text.json; path = videos.json; sourceTree = "<group>"; };
		34E8854F254BED3B00D5E723 /* locations.json */ = {isa = PBXFileReference; fileEncoding = 4; lastKnownFileType = text.json; path = locations.json; sourceTree = "<group>"; };
		34E88550254BED3B00D5E723 /* covers.json */ = {isa = PBXFileReference; fileEncoding = 4; lastKnownFileType = text.json; path = covers.json; sourceTree = "<group>"; };
		34E88558254BF11500D5E723 /* VideoListView.swift */ = {isa = PBXFileReference; lastKnownFileType = sourcecode.swift; path = VideoListView.swift; sourceTree = "<group>"; };
		34E8855B254BF12A00D5E723 /* MapView.swift */ = {isa = PBXFileReference; lastKnownFileType = sourcecode.swift; path = MapView.swift; sourceTree = "<group>"; };
		34E8855E254BF14000D5E723 /* GalleryView.swift */ = {isa = PBXFileReference; lastKnownFileType = sourcecode.swift; path = GalleryView.swift; sourceTree = "<group>"; };
		34E88565254BF18100D5E723 /* MainView.swift */ = {isa = PBXFileReference; lastKnownFileType = sourcecode.swift; path = MainView.swift; sourceTree = "<group>"; };
/* End PBXFileReference section */

/* Begin PBXFrameworksBuildPhase section */
		34E88520254BEA3000D5E723 /* Frameworks */ = {
			isa = PBXFrameworksBuildPhase;
			buildActionMask = 2147483647;
			files = (
			);
			runOnlyForDeploymentPostprocessing = 0;
		};
/* End PBXFrameworksBuildPhase section */

/* Begin PBXGroup section */
		3416543F2550071400AD5FF5 /* Helper */ = {
			isa = PBXGroup;
			children = (
				341654402550072800AD5FF5 /* VideoPlayerHelper.swift */,
			);
			path = Helper;
			sourceTree = "<group>";
		};
		34CA5DB3254D361200204D32 /* Views */ = {
			isa = PBXGroup;
			children = (
				34CA5DB4254D362B00204D32 /* CoverImageView.swift */,
				34CA5DC1254D3C7700204D32 /* AnimalListItemView.swift */,
				34CA5DC9254D44F400204D32 /* AnimalDetailView.swift */,
				34CA5DCC254D493300204D32 /* HeadingView.swift */,
				34CA5DCF254D4ACE00204D32 /* InsetGalleryView.swift */,
				3490B30B254EBD060098479A /* InsetFactView.swift */,
				3490B30E254EC0340098479A /* InsetMapView.swift */,
				3490B311254EC6150098479A /* ExternalWebLinkView.swift */,
				3490B31D254ED5500098479A /* VideoListItemView.swift */,
				3416543C2550057400AD5FF5 /* VideoPlayerView.swift */,
			);
			path = Views;
			sourceTree = "<group>";
		};
		34CA5DB8254D383600204D32 /* Models */ = {
			isa = PBXGroup;
			children = (
				34CA5DB9254D384900204D32 /* CoverImageModel.swift */,
				34CA5DC4254D3E9900204D32 /* AnimalModel.swift */,
				3490B314254ECE130098479A /* VideoModel.swift */,
			);
			path = Models;
			sourceTree = "<group>";
		};
		34CA5DBD254D38E300204D32 /* Extensions */ = {
			isa = PBXGroup;
			children = (
				34CA5DBE254D38FE00204D32 /* CodableBundleExtension.swift */,
			);
			path = Extensions;
			sourceTree = "<group>";
		};
		34E8851A254BEA3000D5E723 = {
			isa = PBXGroup;
			children = (
				34E88525254BEA3000D5E723 /* AfricaSafari */,
				34E88524254BEA3000D5E723 /* Products */,
			);
			sourceTree = "<group>";
		};
		34E88524254BEA3000D5E723 /* Products */ = {
			isa = PBXGroup;
			children = (
				34E88523254BEA3000D5E723 /* AfricaSafari.app */,
			);
			name = Products;
			sourceTree = "<group>";
		};
		34E88525254BEA3000D5E723 /* AfricaSafari */ = {
			isa = PBXGroup;
			children = (
				3416543F2550071400AD5FF5 /* Helper */,
				34CA5DBD254D38E300204D32 /* Extensions */,
				34CA5DB8254D383600204D32 /* Models */,
				34CA5DB3254D361200204D32 /* Views */,
				34E8854C254BED2200D5E723 /* Data */,
				34E88536254BECCF00D5E723 /* Video */,
				34E88556254BF03B00D5E723 /* App */,
				34E8852A254BEA3100D5E723 /* Assets.xcassets */,
				34E8852F254BEA3100D5E723 /* Info.plist */,
				34E8852C254BEA3100D5E723 /* Preview Content */,
			);
			path = AfricaSafari;
			sourceTree = "<group>";
		};
		34E8852C254BEA3100D5E723 /* Preview Content */ = {
			isa = PBXGroup;
			children = (
				34E8852D254BEA3100D5E723 /* Preview Assets.xcassets */,
			);
			path = "Preview Content";
			sourceTree = "<group>";
		};
		34E88536254BECCF00D5E723 /* Video */ = {
			isa = PBXGroup;
			children = (
				34E88538254BECF900D5E723 /* cheetah.mp4 */,
				34E8853A254BECFA00D5E723 /* elephant.mp4 */,
				34E8853D254BECFB00D5E723 /* giraffe.mp4 */,
				34E8853E254BECFC00D5E723 /* gorilla.mp4 */,
				34E8853C254BECFB00D5E723 /* hippo.mp4 */,
				34E8853F254BECFC00D5E723 /* lion.mp4 */,
				34E88537254BECF900D5E723 /* lioness.mp4 */,
				34E88540254BECFC00D5E723 /* ostrich.mp4 */,
				34E88539254BECFA00D5E723 /* rhino.mp4 */,
				34E8853B254BECFA00D5E723 /* zebra.mp4 */,
			);
			path = Video;
			sourceTree = "<group>";
		};
		34E8854C254BED2200D5E723 /* Data */ = {
			isa = PBXGroup;
			children = (
				34E8854D254BED3B00D5E723 /* animals.json */,
				34E88550254BED3B00D5E723 /* covers.json */,
				34E8854F254BED3B00D5E723 /* locations.json */,
				34E8854E254BED3B00D5E723 /* videos.json */,
			);
			path = Data;
			sourceTree = "<group>";
		};
		34E88556254BF03B00D5E723 /* App */ = {
			isa = PBXGroup;
			children = (
				34E88526254BEA3000D5E723 /* AfricaSafariApp.swift */,
				34E88528254BEA3000D5E723 /* ContentView.swift */,
				34E88558254BF11500D5E723 /* VideoListView.swift */,
				34E8855B254BF12A00D5E723 /* MapView.swift */,
				34E8855E254BF14000D5E723 /* GalleryView.swift */,
				34E88565254BF18100D5E723 /* MainView.swift */,
			);
			path = App;
			sourceTree = "<group>";
		};
/* End PBXGroup section */

/* Begin PBXNativeTarget section */
		34E88522254BEA3000D5E723 /* AfricaSafari */ = {
			isa = PBXNativeTarget;
			buildConfigurationList = 34E88532254BEA3100D5E723 /* Build configuration list for PBXNativeTarget "AfricaSafari" */;
			buildPhases = (
				34E8851F254BEA3000D5E723 /* Sources */,
				34E88520254BEA3000D5E723 /* Frameworks */,
				34E88521254BEA3000D5E723 /* Resources */,
			);
			buildRules = (
			);
			dependencies = (
			);
			name = AfricaSafari;
			productName = AfricaSafari;
			productReference = 34E88523254BEA3000D5E723 /* AfricaSafari.app */;
			productType = "com.apple.product-type.application";
		};
/* End PBXNativeTarget section */

/* Begin PBXProject section */
		34E8851B254BEA3000D5E723 /* Project object */ = {
			isa = PBXProject;
			attributes = {
				LastSwiftUpdateCheck = 1200;
				LastUpgradeCheck = 1200;
				TargetAttributes = {
					34E88522254BEA3000D5E723 = {
						CreatedOnToolsVersion = 12.0.1;
					};
				};
			};
			buildConfigurationList = 34E8851E254BEA3000D5E723 /* Build configuration list for PBXProject "AfricaSafari" */;
			compatibilityVersion = "Xcode 9.3";
			developmentRegion = en;
			hasScannedForEncodings = 0;
			knownRegions = (
				en,
				Base,
			);
			mainGroup = 34E8851A254BEA3000D5E723;
			productRefGroup = 34E88524254BEA3000D5E723 /* Products */;
			projectDirPath = "";
			projectRoot = "";
			targets = (
				34E88522254BEA3000D5E723 /* AfricaSafari */,
			);
		};
/* End PBXProject section */

/* Begin PBXResourcesBuildPhase section */
		34E88521254BEA3000D5E723 /* Resources */ = {
			isa = PBXResourcesBuildPhase;
			buildActionMask = 2147483647;
			files = (
				34E88546254BECFC00D5E723 /* hippo.mp4 in Resources */,
				34E88542254BECFC00D5E723 /* cheetah.mp4 in Resources */,
				34E88548254BECFC00D5E723 /* gorilla.mp4 in Resources */,
				34E88552254BED3B00D5E723 /* videos.json in Resources */,
				34E8852E254BEA3100D5E723 /* Preview Assets.xcassets in Resources */,
				34E88554254BED3B00D5E723 /* covers.json in Resources */,
				34E88544254BECFC00D5E723 /* elephant.mp4 in Resources */,
				34E8852B254BEA3100D5E723 /* Assets.xcassets in Resources */,
				34E88553254BED3B00D5E723 /* locations.json in Resources */,
				34E8854A254BECFC00D5E723 /* ostrich.mp4 in Resources */,
				34E88551254BED3B00D5E723 /* animals.json in Resources */,
				34E88543254BECFC00D5E723 /* rhino.mp4 in Resources */,
				34E88545254BECFC00D5E723 /* zebra.mp4 in Resources */,
				34E88549254BECFC00D5E723 /* lion.mp4 in Resources */,
				34E88541254BECFC00D5E723 /* lioness.mp4 in Resources */,
				34E88547254BECFC00D5E723 /* giraffe.mp4 in Resources */,
			);
			runOnlyForDeploymentPostprocessing = 0;
		};
/* End PBXResourcesBuildPhase section */

/* Begin PBXSourcesBuildPhase section */
		34E8851F254BEA3000D5E723 /* Sources */ = {
			isa = PBXSourcesBuildPhase;
			buildActionMask = 2147483647;
			files = (
				3490B31E254ED5500098479A /* VideoListItemView.swift in Sources */,
				34E88529254BEA3000D5E723 /* ContentView.swift in Sources */,
				34CA5DC2254D3C7700204D32 /* AnimalListItemView.swift in Sources */,
				34E88566254BF18100D5E723 /* MainView.swift in Sources */,
				3490B30C254EBD060098479A /* InsetFactView.swift in Sources */,
				34CA5DB5254D362B00204D32 /* CoverImageView.swift in Sources */,
				34CA5DBA254D384900204D32 /* CoverImageModel.swift in Sources */,
				34CA5DCA254D44F400204D32 /* AnimalDetailView.swift in Sources */,
				34CA5DC5254D3E9900204D32 /* AnimalModel.swift in Sources */,
				34E8855C254BF12A00D5E723 /* MapView.swift in Sources */,
				341654412550072800AD5FF5 /* VideoPlayerHelper.swift in Sources */,
				3490B30F254EC0340098479A /* InsetMapView.swift in Sources */,
				34E88527254BEA3000D5E723 /* AfricaSafariApp.swift in Sources */,
				3490B312254EC6150098479A /* ExternalWebLinkView.swift in Sources */,
				34E88559254BF11500D5E723 /* VideoListView.swift in Sources */,
				3490B315254ECE130098479A /* VideoModel.swift in Sources */,
				34E8855F254BF14000D5E723 /* GalleryView.swift in Sources */,
				34CA5DD0254D4ACE00204D32 /* InsetGalleryView.swift in Sources */,
				34CA5DBF254D38FE00204D32 /* CodableBundleExtension.swift in Sources */,
				34CA5DCD254D493300204D32 /* HeadingView.swift in Sources */,
				3416543D2550057400AD5FF5 /* VideoPlayerView.swift in Sources */,
			);
			runOnlyForDeploymentPostprocessing = 0;
		};
/* End PBXSourcesBuildPhase section */

/* Begin XCBuildConfiguration section */
		34E88530254BEA3100D5E723 /* Debug */ = {
			isa = XCBuildConfiguration;
			buildSettings = {
				ALWAYS_SEARCH_USER_PATHS = NO;
				CLANG_ANALYZER_NONNULL = YES;
				CLANG_ANALYZER_NUMBER_OBJECT_CONVERSION = YES_AGGRESSIVE;
				CLANG_CXX_LANGUAGE_STANDARD = "gnu++14";
				CLANG_CXX_LIBRARY = "libc++";
				CLANG_ENABLE_MODULES = YES;
				CLANG_ENABLE_OBJC_ARC = YES;
				CLANG_ENABLE_OBJC_WEAK = YES;
				CLANG_WARN_BLOCK_CAPTURE_AUTORELEASING = YES;
				CLANG_WARN_BOOL_CONVERSION = YES;
				CLANG_WARN_COMMA = YES;
				CLANG_WARN_CONSTANT_CONVERSION = YES;
				CLANG_WARN_DEPRECATED_OBJC_IMPLEMENTATIONS = YES;
				CLANG_WARN_DIRECT_OBJC_ISA_USAGE = YES_ERROR;
				CLANG_WARN_DOCUMENTATION_COMMENTS = YES;
				CLANG_WARN_EMPTY_BODY = YES;
				CLANG_WARN_ENUM_CONVERSION = YES;
				CLANG_WARN_INFINITE_RECURSION = YES;
				CLANG_WARN_INT_CONVERSION = YES;
				CLANG_WARN_NON_LITERAL_NULL_CONVERSION = YES;
				CLANG_WARN_OBJC_IMPLICIT_RETAIN_SELF = YES;
				CLANG_WARN_OBJC_LITERAL_CONVERSION = YES;
				CLANG_WARN_OBJC_ROOT_CLASS = YES_ERROR;
				CLANG_WARN_QUOTED_INCLUDE_IN_FRAMEWORK_HEADER = YES;
				CLANG_WARN_RANGE_LOOP_ANALYSIS = YES;
				CLANG_WARN_STRICT_PROTOTYPES = YES;
				CLANG_WARN_SUSPICIOUS_MOVE = YES;
				CLANG_WARN_UNGUARDED_AVAILABILITY = YES_AGGRESSIVE;
				CLANG_WARN_UNREACHABLE_CODE = YES;
				CLANG_WARN__DUPLICATE_METHOD_MATCH = YES;
				COPY_PHASE_STRIP = NO;
				DEBUG_INFORMATION_FORMAT = dwarf;
				ENABLE_STRICT_OBJC_MSGSEND = YES;
				ENABLE_TESTABILITY = YES;
				GCC_C_LANGUAGE_STANDARD = gnu11;
				GCC_DYNAMIC_NO_PIC = NO;
				GCC_NO_COMMON_BLOCKS = YES;
				GCC_OPTIMIZATION_LEVEL = 0;
				GCC_PREPROCESSOR_DEFINITIONS = (
					"DEBUG=1",
					"$(inherited)",
				);
				GCC_WARN_64_TO_32_BIT_CONVERSION = YES;
				GCC_WARN_ABOUT_RETURN_TYPE = YES_ERROR;
				GCC_WARN_UNDECLARED_SELECTOR = YES;
				GCC_WARN_UNINITIALIZED_AUTOS = YES_AGGRESSIVE;
				GCC_WARN_UNUSED_FUNCTION = YES;
				GCC_WARN_UNUSED_VARIABLE = YES;
				IPHONEOS_DEPLOYMENT_TARGET = 14.0;
				MTL_ENABLE_DEBUG_INFO = INCLUDE_SOURCE;
				MTL_FAST_MATH = YES;
				ONLY_ACTIVE_ARCH = YES;
				SDKROOT = iphoneos;
				SWIFT_ACTIVE_COMPILATION_CONDITIONS = DEBUG;
				SWIFT_OPTIMIZATION_LEVEL = "-Onone";
			};
			name = Debug;
		};
		34E88531254BEA3100D5E723 /* Release */ = {
			isa = XCBuildConfiguration;
			buildSettings = {
				ALWAYS_SEARCH_USER_PATHS = NO;
				CLANG_ANALYZER_NONNULL = YES;
				CLANG_ANALYZER_NUMBER_OBJECT_CONVERSION = YES_AGGRESSIVE;
				CLANG_CXX_LANGUAGE_STANDARD = "gnu++14";
				CLANG_CXX_LIBRARY = "libc++";
				CLANG_ENABLE_MODULES = YES;
				CLANG_ENABLE_OBJC_ARC = YES;
				CLANG_ENABLE_OBJC_WEAK = YES;
				CLANG_WARN_BLOCK_CAPTURE_AUTORELEASING = YES;
				CLANG_WARN_BOOL_CONVERSION = YES;
				CLANG_WARN_COMMA = YES;
				CLANG_WARN_CONSTANT_CONVERSION = YES;
				CLANG_WARN_DEPRECATED_OBJC_IMPLEMENTATIONS = YES;
				CLANG_WARN_DIRECT_OBJC_ISA_USAGE = YES_ERROR;
				CLANG_WARN_DOCUMENTATION_COMMENTS = YES;
				CLANG_WARN_EMPTY_BODY = YES;
				CLANG_WARN_ENUM_CONVERSION = YES;
				CLANG_WARN_INFINITE_RECURSION = YES;
				CLANG_WARN_INT_CONVERSION = YES;
				CLANG_WARN_NON_LITERAL_NULL_CONVERSION = YES;
				CLANG_WARN_OBJC_IMPLICIT_RETAIN_SELF = YES;
				CLANG_WARN_OBJC_LITERAL_CONVERSION = YES;
				CLANG_WARN_OBJC_ROOT_CLASS = YES_ERROR;
				CLANG_WARN_QUOTED_INCLUDE_IN_FRAMEWORK_HEADER = YES;
				CLANG_WARN_RANGE_LOOP_ANALYSIS = YES;
				CLANG_WARN_STRICT_PROTOTYPES = YES;
				CLANG_WARN_SUSPICIOUS_MOVE = YES;
				CLANG_WARN_UNGUARDED_AVAILABILITY = YES_AGGRESSIVE;
				CLANG_WARN_UNREACHABLE_CODE = YES;
				CLANG_WARN__DUPLICATE_METHOD_MATCH = YES;
				COPY_PHASE_STRIP = NO;
				DEBUG_INFORMATION_FORMAT = "dwarf-with-dsym";
				ENABLE_NS_ASSERTIONS = NO;
				ENABLE_STRICT_OBJC_MSGSEND = YES;
				GCC_C_LANGUAGE_STANDARD = gnu11;
				GCC_NO_COMMON_BLOCKS = YES;
				GCC_WARN_64_TO_32_BIT_CONVERSION = YES;
				GCC_WARN_ABOUT_RETURN_TYPE = YES_ERROR;
				GCC_WARN_UNDECLARED_SELECTOR = YES;
				GCC_WARN_UNINITIALIZED_AUTOS = YES_AGGRESSIVE;
				GCC_WARN_UNUSED_FUNCTION = YES;
				GCC_WARN_UNUSED_VARIABLE = YES;
				IPHONEOS_DEPLOYMENT_TARGET = 14.0;
				MTL_ENABLE_DEBUG_INFO = NO;
				MTL_FAST_MATH = YES;
				SDKROOT = iphoneos;
				SWIFT_COMPILATION_MODE = wholemodule;
				SWIFT_OPTIMIZATION_LEVEL = "-O";
				VALIDATE_PRODUCT = YES;
			};
			name = Release;
		};
		34E88533254BEA3100D5E723 /* Debug */ = {
			isa = XCBuildConfiguration;
			buildSettings = {
				ASSETCATALOG_COMPILER_APPICON_NAME = AppIcon;
				ASSETCATALOG_COMPILER_GLOBAL_ACCENT_COLOR_NAME = AccentColor;
				CODE_SIGN_STYLE = Automatic;
				DEVELOPMENT_ASSET_PATHS = "\"AfricaSafari/Preview Content\"";
				DEVELOPMENT_TEAM = N38EC3HSGY;
				ENABLE_PREVIEWS = YES;
				INFOPLIST_FILE = AfricaSafari/Info.plist;
				IPHONEOS_DEPLOYMENT_TARGET = 14.0;
				LD_RUNPATH_SEARCH_PATHS = (
					"$(inherited)",
					"@executable_path/Frameworks",
				);
				PRODUCT_BUNDLE_IDENTIFIER = com.nirajtiwari.AfricaSafari;
				PRODUCT_NAME = "$(TARGET_NAME)";
				SWIFT_VERSION = 5.0;
				TARGETED_DEVICE_FAMILY = "1,2";
			};
			name = Debug;
		};
		34E88534254BEA3100D5E723 /* Release */ = {
			isa = XCBuildConfiguration;
			buildSettings = {
				ASSETCATALOG_COMPILER_APPICON_NAME = AppIcon;
				ASSETCATALOG_COMPILER_GLOBAL_ACCENT_COLOR_NAME = AccentColor;
				CODE_SIGN_STYLE = Automatic;
				DEVELOPMENT_ASSET_PATHS = "\"AfricaSafari/Preview Content\"";
				DEVELOPMENT_TEAM = N38EC3HSGY;
				ENABLE_PREVIEWS = YES;
				INFOPLIST_FILE = AfricaSafari/Info.plist;
				IPHONEOS_DEPLOYMENT_TARGET = 14.0;
				LD_RUNPATH_SEARCH_PATHS = (
					"$(inherited)",
					"@executable_path/Frameworks",
				);
				PRODUCT_BUNDLE_IDENTIFIER = com.nirajtiwari.AfricaSafari;
				PRODUCT_NAME = "$(TARGET_NAME)";
				SWIFT_VERSION = 5.0;
				TARGETED_DEVICE_FAMILY = "1,2";
			};
			name = Release;
		};
/* End XCBuildConfiguration section */

/* Begin XCConfigurationList section */
		34E8851E254BEA3000D5E723 /* Build configuration list for PBXProject "AfricaSafari" */ = {
			isa = XCConfigurationList;
			buildConfigurations = (
				34E88530254BEA3100D5E723 /* Debug */,
				34E88531254BEA3100D5E723 /* Release */,
			);
			defaultConfigurationIsVisible = 0;
			defaultConfigurationName = Release;
		};
		34E88532254BEA3100D5E723 /* Build configuration list for PBXNativeTarget "AfricaSafari" */ = {
			isa = XCConfigurationList;
			buildConfigurations = (
				34E88533254BEA3100D5E723 /* Debug */,
				34E88534254BEA3100D5E723 /* Release */,
			);
			defaultConfigurationIsVisible = 0;
			defaultConfigurationName = Release;
		};
/* End XCConfigurationList section */
	};
	rootObject = 34E8851B254BEA3000D5E723 /* Project object */;
}
